# THIS IS AN AUTOGENERATED FILE. DO NOT EDIT THIS FILE DIRECTLY.
# yarn lockfile v1


axios@0.21.4:
  version "0.21.4"
  resolved "https://registry.yarnpkg.com/axios/-/axios-0.21.4.tgz#c67b90dc0568e5c1cf2b0b858c43ba28e2eda575"
  integrity sha512-ut5vewkiu8jjGBdqpM44XxjuCjq9LAKeHVmoVfHVzy8eHgxxq8SbAVQNovDA8mVi05kP0Ea/n/UzcSHcTJQfNg==
  dependencies:
    follow-redirects "^1.14.0"

follow-redirects@^1.14.0:
  version "1.15.2"
  resolved "https://registry.yarnpkg.com/follow-redirects/-/follow-redirects-1.15.2.tgz#b460864144ba63f2681096f274c4e57026da2c13"
  integrity sha512-VQLG33o04KaQ8uYi2tVNbdrWp1QWxNNea+nmIB4EVM28v0hmP17z7aG1+wAkNzVq4KeXTq3221ye5qTJP91JwA==

plaid@^15.0.0:
  version "15.0.0"
  resolved "https://registry.yarnpkg.com/plaid/-/plaid-15.0.0.tgz#a0232b90b7fe725ab8de62840b326994f8e4c4dd"
  integrity sha512-oK1ZzKk1lRNz9az2rHQ+wjySc/qy0jDXZ9STalOnqIL5sdyimlDA2vletudAHQyWb2nCOvP1KQB3bYDgxQb62A==
  dependencies:
    axios "0.21.4"
